cloud.google.com/go v0.16.0/go.mod h1:aQUYkXzVsufM+DwF1aE+0xfcU+56JwCaLick0ClmMTw=
dario.cat/mergo v1.0.1 h1:Ra4+bf83h2ztPIQYNP99R6m+Y7KfnARDfID+a+vLl4s=
dario.cat/mergo v1.0.1/go.mod h1:uNxQE+84aUszobStD9th8a29P2fMDhsBdgRYvZOxGmk=
filippo.io/edwards25519 v1.1.0 h1:FNf4tywRC1HmFuKW5xopWpigGjJKiJSV0Cqo0cJWDaA=
filippo.io/edwards25519 v1.1.0/go.mod h1:BxyFTGdWcka3PhytdK4V28tE5sGfRvvvRV7EaN4VDT4=
github.com/AdaLogics/go-fuzz-headers v0.0.0-20230811130428-ced1acdcaa24 h1:bvDV9vkmnHYOMsOr4WLk+Vo07yKIzd94sVoIqshQ4bU=
github.com/AdaLogics/go-fuzz-headers v0.0.0-20230811130428-ced1acdcaa24/go.mod h1:8o94RPi1/7XTJvwPpRSzSUedZrtlirdB3r9Z20bi2f8=
github.com/Azure/go-ansiterm v0.0.0-20230124172434-306776ec8161 h1:L/gRVlceqvL25UVaW/CKtUDjefjrs0SPonmDGUVOYP0=
github.com/Azure/go-ansiterm v0.0.0-20230124172434-306776ec8161/go.mod h1:xomTg63KZ2rFqZQzSB4Vz2SUXa1BpHTVz9L5PTmPC4E=
github.com/BurntSushi/toml v0.3.1/go.mod h1:xHWCNGjB5oqiDr8zfno3MHue2Ht5sIBksp03qcyfWMU=
github.com/Microsoft/go-winio v0.6.2 h1:F2VQgta7ecxGYO8k3ZZz3RS8fVIXVxONVUPlNERoyfY=
github.com/Microsoft/go-winio v0.6.2/go.mod h1:yd8OoFMLzJbo9gZq8j5qaps8bJ9aShtEA8Ipt1oGCvU=
github.com/Shopify/toxiproxy/v2 v2.9.0 h1:DIaDZG2/r/kv3Em6UxYBUVnnWl1mHlYTGFv+sTPV7VI=
github.com/Shopify/toxiproxy/v2 v2.9.0/go.mod h1:2uPRyxR46fsx2yUr9i8zcejzdkWfK7p6G23jV/X6YNs=
github.com/aws/aws-sdk-go-v2 v1.32.0 h1:GuHp7GvMN74PXD5C97KT5D87UhIy4bQPkflQKbfkndg=
github.com/aws/aws-sdk-go-v2 v1.32.0/go.mod h1:2SK5n0a2karNTv5tbP1SjsX0uhttou00v/HpXKM1ZUo=
github.com/aws/aws-sdk-go-v2/aws/protocol/eventstream v1.6.6 h1:pT3hpW0cOHRJx8Y0DfJUEQuqPild8jRGmSFmBgvydr0=
github.com/aws/aws-sdk-go-v2/aws/protocol/eventstream v1.6.6/go.mod h1:j/I2++U0xX+cr44QjHay4Cvxj6FUbnxrgmqN3H1jTZA=
github.com/aws/aws-sdk-go-v2/config v1.27.41 h1:esG3WpmEuNJ6F4kVFLumN8nCfA5VBav1KKb3JPx83O4=
github.com/aws/aws-sdk-go-v2/config v1.27.41/go.mod h1:haUg09ebP+ClvPjU3EB/xe0HF9PguO19PD2fdjM2X14=
github.com/aws/aws-sdk-go-v2/credentials v1.17.39 h1:tmVexAhoGqJxNE2oc4/SJqL+Jz1x1iCPt5ts9XcqZCU=
github.com/aws/aws-sdk-go-v2/credentials v1.17.39/go.mod h1:zgOdbDI9epE608PdboJ87CYvPIejAgFevazeJW6iauQ=
github.com/aws/aws-sdk-go-v2/feature/ec2/imds v1.16.15 h1:kGjlNc2IXXcxPDcfMyCshNCjVgxUhC/vTJv7NvC9wKk=
github.com/aws/aws-sdk-go-v2/feature/ec2/imds v1.16.15/go.mod h1:rk/HmqPo+dX0Uv0Q1+4w3QKFdICEGSsTYz1hRWvH8UI=
github.com/aws/aws-sdk-go-v2/feature/s3/manager v1.17.28 h1:yUPy1fwOKNZ9L52E9TCMomU+mKXNCgqi17dtYIdSolk=
github.com/aws/aws-sdk-go-v2/feature/s3/manager v1.17.28/go.mod h1:bJJP1cGMO0fPBgCjqHAWbc0WRbKrxrWU4hQfc/0ciAA=
github.com/aws/aws-sdk-go-v2/internal/configsources v1.3.19 h1:Q/k5wCeJkSWs+62kDfOillkNIJ5NqmE3iOfm48g/W8c=
github.com/aws/aws-sdk-go-v2/internal/configsources v1.3.19/go.mod h1:Wns1C66VvtA2Bv/cUBuKZKQKdjo7EVMhp90aAa+8oTI=
github.com/aws/aws-sdk-go-v2/internal/endpoints/v2 v2.6.19 h1:AYLE0lUfKvN6icFTR/p+NmD1amYKTbqHQ1Nm+jwE6BM=
github.com/aws/aws-sdk-go-v2/internal/endpoints/v2 v2.6.19/go.mod h1:1giLakj64GjuH1NBzF/DXqly5DWHtMTaOzRZ53nFX0I=
github.com/aws/aws-sdk-go-v2/internal/ini v1.8.1 h1:VaRN3TlFdd6KxX1x3ILT5ynH6HvKgqdiXoTxAF4HQcQ=
github.com/aws/aws-sdk-go-v2/internal/ini v1.8.1/go.mod h1:FbtygfRFze9usAadmnGJNc8KsP346kEe+y2/oyhGAGc=
github.com/aws/aws-sdk-go-v2/internal/v4a v1.3.19 h1:FKdiFzTxlTRO71p0C7VrLbkkdW8qfMKF5+ej6bTmkT0=
github.com/aws/aws-sdk-go-v2/internal/v4a v1.3.19/go.mod h1:abO3pCj7WLQPTllnSeYImqFfkGrmJV0JovWo/gqT5N0=
github.com/aws/aws-sdk-go-v2/service/internal/accept-encoding v1.12.0 h1:TToQNkvGguu209puTojY/ozlqy2d/SFNcoLIqTFi42g=
github.com/aws/aws-sdk-go-v2/service/internal/accept-encoding v1.12.0/go.mod h1:0jp+ltwkf+SwG2fm/PKo8t4y8pJSgOCO4D8Lz3k0aHQ=
github.com/aws/aws-sdk-go-v2/service/internal/checksum v1.4.0 h1:FQNWhRuSq8QwW74GtU0MrveNhZbqvHsA4dkA9w8fTDQ=
github.com/aws/aws-sdk-go-v2/service/internal/checksum v1.4.0/go.mod h1:j/zZ3zmWfGCK91K73YsfHP53BSTLSjL/y6YN39XbBLM=
github.com/aws/aws-sdk-go-v2/service/internal/presigned-url v1.12.0 h1:AdbiDUgQZmM28rDIZbiSwFxz8+3B94aOXxzs6oH+EA0=
github.com/aws/aws-sdk-go-v2/service/internal/presigned-url v1.12.0/go.mod h1:uV476Bd80tiDTX4X2redMtagQUg65aU/gzPojSJ4kSI=
github.com/aws/aws-sdk-go-v2/service/internal/s3shared v1.18.0 h1:1NKXS8XfhMM0bg5wVYa/eOH8AM2f6JijugbKEyQFTIg=
github.com/aws/aws-sdk-go-v2/service/internal/s3shared v1.18.0/go.mod h1:ph931DUfVfgrhZR7py9olSvHCiRpvaGxNvlWBcXxFds=
github.com/aws/aws-sdk-go-v2/service/s3 v1.65.0 h1:2dSm7frMrw2tdJ0QvyccQNJyPGaP24dyDgZ6h1QJMGU=
github.com/aws/aws-sdk-go-v2/service/s3 v1.65.0/go.mod h1:4XSVpw66upN8wND3JZA29eXl2NOZvfFVq7DIP6xvfuQ=
github.com/aws/aws-sdk-go-v2/service/sso v1.24.0 h1:71FvP6XFj53NK+YiAEGVzeiccLVeFnHOCvMig0zOHsE=
github.com/aws/aws-sdk-go-v2/service/sso v1.24.0/go.mod h1:UVJqtKXSd9YppRKgdBIkyv7qgbSGv5DchM3yX0BN2mU=
github.com/aws/aws-sdk-go-v2/service/ssooidc v1.28.0 h1:Uco4o19bi3AmBapImNzuMk+rfzlui52BDyVK1UfJeRA=
github.com/aws/aws-sdk-go-v2/service/ssooidc v1.28.0/go.mod h1:+HLFhCpnG08hBee8bUdfd1mBK+rFKPt4O5igR9lXDfk=
github.com/aws/aws-sdk-go-v2/service/sts v1.32.0 h1:GiQUjZM2KUZX68o/LpZ1xqxYMuvoxpRrOwYARYog3vc=
github.com/aws/aws-sdk-go-v2/service/sts v1.32.0/go.mod h1:dKnu7M4MAS2SDlng1ytxd03H+y0LoUfEQ5E2VaaSw/4=
github.com/aws/smithy-go v1.22.0 h1:uunKnWlcoL3zO7q+gG2Pk53joueEOsnNB28QdMsmiMM=
github.com/aws/smithy-go v1.22.0/go.mod h1:irrKGvNn1InZwb2d7fkIRNucdfwR8R+Ts3wxYa/cJHg=
github.com/beorn7/perks v1.0.1 h1:VlbKKnNfV8bJzeqoa4cOKqO6bYr3WgKZxO8Z16+hsOM=
github.com/beorn7/perks v1.0.1/go.mod h1:G2ZrVWU2WbWT9wwq4/hrbKbnv/1ERSJQ0ibhJ6rlkpw=
github.com/bradfitz/gomemcache v0.0.0-20170208213004-1952afaa557d/go.mod h1:PmM6Mmwb0LSuEubjR8N7PtNe1KxZLtOUHtbeikc5h60=
github.com/cenkalti/backoff/v4 v4.3.0 h1:MyRJ/UdXutAwSAT+s3wNd7MfTIcy71VQueUuFK343L8=
github.com/cenkalti/backoff/v4 v4.3.0/go.mod h1:Y3VNntkOUPxTVeUxJ/G5vcM//AlwfmyYozVcomhLiZE=
github.com/cespare/xxhash/v2 v2.3.0 h1:UL815xU9SqsFlibzuggzjXhog7bL6oX9BbNZnL2UFvs=
github.com/cespare/xxhash/v2 v2.3.0/go.mod h1:VGX0DQ3Q6kWi7AoAeZDth3/j3BFtOZR5XLFGgcrjCOs=
github.com/containerd/log v0.1.0 h1:TCJt7ioM2cr/tfR8GPbGf9/VRAX8D2B4PjzCpfX540I=
github.com/containerd/log v0.1.0/go.mod h1:VRRf09a7mHDIRezVKTRCrOq78v577GXq3bSa3EhrzVo=
github.com/containerd/platforms v0.2.1 h1:zvwtM3rz2YHPQsF2CHYM8+KtB5dvhISiXh5ZpSBQv6A=
github.com/containerd/platforms v0.2.1/go.mod h1:XHCb+2/hzowdiut9rkudds9bE5yJ7npe7dG/wG+uFPw=
github.com/coreos/go-systemd/v22 v22.5.0/go.mod h1:Y58oyj3AT4RCenI/lSvhwexgC+NSVTIJ3seZv2GcEnc=
github.com/cpuguy83/dockercfg v0.3.2 h1:DlJTyZGBDlXqUZ2Dk2Q3xHs/FtnooJJVaad2S9GKorA=
github.com/cpuguy83/dockercfg v0.3.2/go.mod h1:sugsbF4//dDlL/i+S+rtpIWp+5h0BHJHfjj5/jFyUJc=
github.com/creack/pty v1.1.18 h1:n56/Zwd5o6whRC5PMGretI4IdRLlmBXYNjScPaBgsbY=
github.com/creack/pty v1.1.18/go.mod h1:MOBLtS5ELjhRRrroQr9kyvTxUAFNvYEK993ew/Vr4O4=
github.com/davecgh/go-spew v1.1.0/go.mod h1:J7Y8YcW2NihsgmVo/mv3lAwl/skON4iLHjSsI+c5H38=
github.com/davecgh/go-spew v1.1.1 h1:vj9j/u1bqnvCEfJOwUhtlOARqs3+rkHYY13jYWTU97c=
github.com/davecgh/go-spew v1.1.1/go.mod h1:J7Y8YcW2NihsgmVo/mv3lAwl/skON4iLHjSsI+c5H38=
github.com/distribution/reference v0.6.0 h1:0IXCQ5g4/QMHHkarYzh5l+u8T3t73zM5QvfrDyIgxBk=
github.com/distribution/reference v0.6.0/go.mod h1:BbU0aIcezP1/5jX/8MP0YiH4SdvB5Y4f/wlDRiLyi3E=
github.com/docker/docker v27.3.1+incompatible h1:KttF0XoteNTicmUtBO0L2tP+J7FGRFTjaEF4k6WdhfI=
github.com/docker/docker v27.3.1+incompatible/go.mod h1:eEKB0N0r5NX/I1kEveEz05bcu8tLC/8azJZsviup8Sk=
github.com/docker/go-connections v0.5.0 h1:USnMq7hx7gwdVZq1L49hLXaFtUdTADjXGp+uj1Br63c=
github.com/docker/go-connections v0.5.0/go.mod h1:ov60Kzw0kKElRwhNs9UlUHAE/F9Fe6GLaXnqyDdmEXc=
github.com/docker/go-units v0.5.0 h1:69rxXcBk27SvSaaxTtLh/8llcHD8vYHT7WSdRZ/jvr4=
github.com/docker/go-units v0.5.0/go.mod h1:fgPhTUdO+D/Jk86RDLlptpiXQzgHJF7gydDDbaIK4Dk=
github.com/dustin/go-humanize v1.0.1 h1:GzkhY7T5VNhEkwH0PVJgjz+fX1rhBrR7pRT3mDkpeCY=
github.com/dustin/go-humanize v1.0.1/go.mod h1:Mu1zIs6XwVuF/gI1OepvI0qD18qycQx+mFykh5fBlto=
github.com/felixge/httpsnoop v1.0.4 h1:NFTV2Zj1bL4mc9sqWACXbQFVBBg2W3GPvqp8/ESS2Wg=
github.com/felixge/httpsnoop v1.0.4/go.mod h1:m8KPJKqk1gH5J9DgRY2ASl2lWCfGKXixSwevea8zH2U=
github.com/fsnotify/fsnotify v1.4.3-0.20170329110642-4da3e2cfbabc/go.mod h1:jwhsz4b93w/PPRr/qN1Yymfu8t87LnFCMoQvtojpjFo=
github.com/garyburd/redigo v1.1.1-0.20170914051019-70e1b1943d4f/go.mod h1:NR3MbYisc3/PwhQ00EMzDiPmrwpPxAn5GI05/YaO1SY=
github.com/go-logr/logr v1.2.2/go.mod h1:jdQByPbusPIv2/zmleS9BjJVeZ6kBagPoEUsqbVz/1A=
github.com/go-logr/logr v1.4.2 h1:6pFjapn8bFcIbiKo3XT4j/BhANplGihG6tvd+8rYgrY=
github.com/go-logr/logr v1.4.2/go.mod h1:9T104GzyrTigFIr8wt5mBrctHMim0Nb2HLGrmQ40KvY=
github.com/go-logr/stdr v1.2.2 h1:hSWxHoqTgW2S2qGc0LTAI563KZ5YKYRhT3MFKZMbjag=
github.com/go-logr/stdr v1.2.2/go.mod h1:mMo/vtBO5dYbehREoey6XUKy/eSumjCCveDpRre4VKE=
github.com/go-ole/go-ole v1.2.6/go.mod h1:pprOEPIfldk/42T2oK7lQ4v4JSDwmV0As9GaiUsvbm0=
github.com/go-ole/go-ole v1.3.0 h1:Dt6ye7+vXGIKZ7Xtk4s6/xVdGDQynvom7xCFEdWr6uE=
github.com/go-ole/go-ole v1.3.0/go.mod h1:5LS6F96DhAwUc7C+1HLexzMXY1xGRSryjyPPKW6zv78=
github.com/go-sql-driver/mysql v1.8.1 h1:LedoTUt/eveggdHS9qUFC1EFSa8bU2+1pZjSRpvNJ1Y=
github.com/go-sql-driver/mysql v1.8.1/go.mod h1:wEBSXgmK//2ZFJyE+qWnIsVGmvmEKlqwuVSjsCm7DZg=
github.com/go-stack/stack v1.6.0/go.mod h1:v0f6uXyyMGvRgIKkXu+yp6POWl0qKG85gN/melR3HDY=
github.com/godbus/dbus/v5 v5.0.4/go.mod h1:xhWf0FNVPg57R7Z0UbKHbJfkEywrmjJnf7w5xrFpKfA=
github.com/gogo/protobuf v1.3.2 h1:Ov1cvc58UF3b5XjBnZv7+opcTcQFZebYjWzi34vdm4Q=
github.com/gogo/protobuf v1.3.2/go.mod h1:P1XiOD3dCwIKUDQYPy72D8LYyHL2YPYrpS2s69NZV8Q=
github.com/golang/gddo v0.0.0-20210115222349-20d68f94ee1f h1:16RtHeWGkJMc80Etb8RPCcKevXGldr57+LOyZt8zOlg=
github.com/golang/gddo v0.0.0-20210115222349-20d68f94ee1f/go.mod h1:ijRvpgDJDI262hYq/IQVYgf8hd8IHUs93Ol0kvMBAx4=
github.com/golang/lint v0.0.0-20170918230701-e5d664eb928e/go.mod h1:tluoj9z5200jBnyusfRPU2LqT6J+DAorxEvtC7LHB+E=
github.com/golang/protobuf v1.3.1/go.mod h1:6lQm79b+lXiMfvg/cZm0SGofjICqVBUtrP5yJMmIC1U=
github.com/golang/snappy v0.0.0-20170215233205-553a64147049/go.mod h1:/XxbfmMg8lxefKM7IXC3fBNl/7bRcc72aCRzEWrmP2Q=
github.com/google/go-cmp v0.1.1-0.20171103154506-982329095285/go.mod h1:oXzfMopK8JAjlY9xF4vHSVASa0yLyX7SntLO5aqRK0M=
github.com/google/go-cmp v0.6.0 h1:ofyhxvXcZhMsU5ulbFiLKl/XBFqE1GSq7atu8tAmTRI=
github.com/google/go-cmp v0.6.0/go.mod h1:17dUlkBOakJ0+DkrSSNjCkIjxS6bF9zb3elmeNGIjoY=
github.com/google/uuid v1.6.0 h1:NIvaJDMOsjHA8n1jAhLSgzrAzy1Hgr+hNrb57e+94F0=
github.com/google/uuid v1.6.0/go.mod h1:TIyPZe4MgqvfeYDBFedMoGGpEw/LqOeaOT+nhxU+yHo=
github.com/googleapis/gax-go v2.0.0+incompatible/go.mod h1:SFVmujtThgffbyetf+mdk2eWhX2bMyUtNHzFKcPA9HY=
github.com/gorilla/mux v1.8.1 h1:TuBL49tXwgrFYWhqrNgrUNEY92u81SPhu7sTdzQEiWY=
github.com/gorilla/mux v1.8.1/go.mod h1:AKf9I4AEqPTmMytcMc0KkNouC66V3BtZ4qD5fmWSiMQ=
github.com/gregjones/httpcache v0.0.0-20170920190843-316c5e0ff04e/go.mod h1:FecbI9+v66THATjSRHfNgh1IVFe/9kFxbXtjV0ctIMA=
github.com/grpc-ecosystem/grpc-gateway/v2 v2.22.0 h1:asbCHRVmodnJTuQ3qamDwqVOIjwqUPTYmYuemVOx+Ys=
github.com/grpc-ecosystem/grpc-gateway/v2 v2.22.0/go.mod h1:ggCgvZ2r7uOoQjOyu2Y1NhHmEPPzzuhWgcza5M1Ji1I=
github.com/hashicorp/hcl v0.0.0-20170914154624-68e816d1c783/go.mod h1:oZtUIOe8dh44I2q6ScRibXws4Ajl+d+nod3AaR9vL5w=
github.com/inconshreveable/log15 v0.0.0-20170622235902-74a0988b5f80/go.mod h1:cOaXtrgN4ScfRrD9Bre7U1thNq5RtJ8ZoP4iXVGRj6o=
github.com/jackc/chunkreader/v2 v2.0.1 h1:i+RDz65UE+mmpjTfyz0MoVTnzeYxroil2G82ki7MGG8=
github.com/jackc/chunkreader/v2 v2.0.1/go.mod h1:odVSm741yZoC3dpHEUXIqA9tQRhFrgOHwnPIn9lDKlk=
github.com/jackc/pgconn v1.14.3 h1:bVoTr12EGANZz66nZPkMInAV/KHD2TxH9npjXXgiB3w=
github.com/jackc/pgconn v1.14.3/go.mod h1:RZbme4uasqzybK2RK5c65VsHxoyaml09lx3tXOcO/VM=
github.com/jackc/pgio v1.0.0 h1:g12B9UwVnzGhueNavwioyEEpAmqMe1E/BN9ES+8ovkE=
github.com/jackc/pgio v1.0.0/go.mod h1:oP+2QK2wFfUWgr+gxjoBH9KGBb31Eio69xUb0w5bYf8=
github.com/jackc/pgpassfile v1.0.0 h1:/6Hmqy13Ss2zCq62VdNG8tM1wchn8zjSGOBJ6icpsIM=
github.com/jackc/pgpassfile v1.0.0/go.mod h1:CEx0iS5ambNFdcRtxPj5JhEz+xB6uRky5eyVu/W2HEg=
github.com/jackc/pgproto3/v2 v2.3.3 h1:1HLSx5H+tXR9pW3in3zaztoEwQYRC9SQaYUHjTSUOag=
github.com/jackc/pgproto3/v2 v2.3.3/go.mod h1:WfJCnwN3HIg9Ish/j3sgWXnAfK8A9Y0bwXYU5xKaEdA=
github.com/jackc/pgservicefile v0.0.0-20240606120523-5a60cdf6a761 h1:iCEnooe7UlwOQYpKFhBabPMi4aNAfoODPEFNiAnClxo=
github.com/jackc/pgservicefile v0.0.0-20240606120523-5a60cdf6a761/go.mod h1:5TJZWKEWniPve33vlWYSoGYefn3gLQRzjfDlhSJ9ZKM=
github.com/jackc/pgtype v1.14.0 h1:y+xUdabmyMkJLyApYuPj38mW+aAIqCe5uuBB51rH3Vw=
github.com/jackc/pgtype v1.14.0/go.mod h1:LUMuVrfsFfdKGLw+AFFVv6KtHOFMwRgDDzBt76IqCA4=
github.com/jackc/pgx/v4 v4.18.2 h1:xVpYkNR5pk5bMCZGfClbO962UIqVABcAGt7ha1s/FeU=
github.com/jackc/pgx/v4 v4.18.2/go.mod h1:Ey4Oru5tH5sB6tV7hDmfWFahwF15Eb7DNXlRKx2CkVw=
github.com/jackc/pgx/v5 v5.7.1 h1:x7SYsPBYDkHDksogeSmZZ5xzThcTgRz++I5E+ePFUcs=
github.com/jackc/pgx/v5 v5.7.1/go.mod h1:e7O26IywZZ+naJtWWos6i6fvWK+29etgITqrqHLfoZA=
github.com/jackc/puddle/v2 v2.2.2 h1:PR8nw+E/1w0GLuRFSmiioY6UooMp6KJv0/61nB7icHo=
github.com/jackc/puddle/v2 v2.2.2/go.mod h1:vriiEXHvEE654aYKXXjOvZM39qJ0q+azkZFrfEOc3H4=
github.com/json-iterator/go v1.1.12 h1:PV8peI4a0ysnczrg+LtxykD8LfKY9ML6u2jnxaEnrnM=
github.com/json-iterator/go v1.1.12/go.mod h1:e30LSqwooZae/UwlEbR2852Gd8hjQvJoHmT4TnhNGBo=
github.com/kisielk/errcheck v1.5.0/go.mod h1:pFxgyoBC7bSaBwPgfKdkLd5X25qrDl4LWUI2bnpBCr8=
github.com/kisielk/gotool v1.0.0/go.mod h1:XhKaO+MFFWcvkIS/tQcRk01m1F5IRFswLeQ+oQHNcck=
github.com/klauspost/compress v1.17.10 h1:oXAz+Vh0PMUvJczoi+flxpnBEPxoER1IaAnU/NMPtT0=
github.com/klauspost/compress v1.17.10/go.mod h1:pMDklpSncoRMuLFrf1W9Ss9KT+0rH90U12bZKk7uwG0=
github.com/klauspost/cpuid/v2 v2.2.6 h1:ndNyv040zDGIDh8thGkXYjnFtiN02M1PVVF+JE/48xc=
github.com/klauspost/cpuid/v2 v2.2.6/go.mod h1:Lcz8mBdAVJIBVzewtcLocK12l3Y+JytZYpaMropDUws=
github.com/kr/pretty v0.2.0/go.mod h1:ipq/a2n7PKx3OHsz4KJII5eveXtPO4qwEXGdVfWzfnI=
github.com/kr/pty v1.1.1/go.mod h1:pFQYn66WHrOpPYNljwOMqo10TkYh1fy3cYio2l3bCsQ=
github.com/kr/text v0.1.0/go.mod h1:4Jbv+DJW3UT/LiOwJeYQe1efqtUx/iVham/4vfdArNI=
github.com/kylelemons/godebug v1.1.0 h1:RPNrshWIDI6G2gRW9EHilWtl7Z6Sb1BR0xunSBf0SNc=
github.com/kylelemons/godebug v1.1.0/go.mod h1:9/0rRGxNHcop5bhtWyNeEfOS8JIWk580+fNqagV/RAw=
github.com/lufia/plan9stats v0.0.0-20240909124753-873cd0166683 h1:7UMa6KCCMjZEMDtTVdcGu0B1GmmC7QJKiCCjyTAWQy0=
github.com/lufia/plan9stats v0.0.0-20240909124753-873cd0166683/go.mod h1:ilwx/Dta8jXAgpFYFvSWEMwxmbWXyiUHkd5FwyKhb5k=
github.com/magiconair/properties v1.7.4-0.20170902060319-8d7837e64d3c/go.mod h1:PppfXfuXeibc/6YijjN8zIbojt8czPbwD3XqdrwzmxQ=
github.com/magiconair/properties v1.8.7 h1:IeQXZAiQcpL9mgcAe1Nu6cX9LLw6ExEHKjN0VQdvPDY=
github.com/magiconair/properties v1.8.7/go.mod h1:Dhd985XPs7jluiymwWYZ0G4Z61jb3vdS329zhj2hYo0=
github.com/matryer/is v1.4.1 h1:55ehd8zaGABKLXQUe2awZ99BD/PTc2ls+KV/dXphgEQ=
github.com/matryer/is v1.4.1/go.mod h1:8I/i5uYgLzgsgEloJE1U6xx5HkBQpAZvepWuujKwMRU=
github.com/mattn/go-colorable v0.0.10-0.20170816031813-ad5389df28cd/go.mod h1:9vuHe8Xs5qXnSaW/c/ABM9alt+Vo+STaOChaDxuIBZU=
github.com/mattn/go-colorable v0.1.13 h1:fFA4WZxdEF4tXPZVKMLwD8oUnCTTo08duU7wxecdEvA=
github.com/mattn/go-colorable v0.1.13/go.mod h1:7S9/ev0klgBDR4GtXTXX8a3vIGJpMovkB8vQcUbaXHg=
github.com/mattn/go-isatty v0.0.2/go.mod h1:M+lRXTBqGeGNdLjl/ufCoiOlB5xdOkqRJdNxMWT7Zi4=
github.com/mattn/go-isatty v0.0.16/go.mod h1:kYGgaQfpe5nmfYZH+SKPsOc2e4SrIfOl2e/yFXSvRLM=
github.com/mattn/go-isatty v0.0.19/go.mod h1:W+V8PltTTMOvKvAeJH7IuucS94S2C6jfK/D7dTCTo3Y=
github.com/mattn/go-isatty v0.0.20 h1:xfD0iDuEKnDkl03q4limB+vH+GxLEtL/jb4xVJSWWEY=
github.com/mattn/go-isatty v0.0.20/go.mod h1:W+V8PltTTMOvKvAeJH7IuucS94S2C6jfK/D7dTCTo3Y=
github.com/mattn/go-sqlite3 v1.14.23 h1:gbShiuAP1W5j9UOksQ06aiiqPMxYecovVGwmTxWtuw0=
github.com/mattn/go-sqlite3 v1.14.23/go.mod h1:Uh1q+B4BYcTPb+yiD3kU8Ct7aC0hY9fxUwlHK0RXw+Y=
github.com/mdelapenya/tlscert v0.1.0 h1:YTpF579PYUX475eOL+6zyEO3ngLTOUWck78NBuJVXaM=
github.com/mdelapenya/tlscert v0.1.0/go.mod h1:wrbyM/DwbFCeCeqdPX/8c6hNOqQgbf0rUDErE1uD+64=
github.com/minio/md5-simd v1.1.2 h1:Gdi1DZK69+ZVMoNHRXJyNcxrMA4dSxoYHZSQbirFg34=
github.com/minio/md5-simd v1.1.2/go.mod h1:MzdKDxYpY2BT9XQFocsiZf/NKVtR7nkE4RoEpN+20RM=
github.com/minio/minio-go/v7 v7.0.68 h1:hTqSIfLlpXaKuNy4baAp4Jjy2sqZEN9hRxD0M4aOfrQ=
github.com/minio/minio-go/v7 v7.0.68/go.mod h1:XAvOPJQ5Xlzk5o3o/ArO2NMbhSGkimC+bpW/ngRKDmQ=
github.com/minio/sha256-simd v1.0.1 h1:6kaan5IFmwTNynnKKpDHe6FWHohJOHhCPchzK49dzMM=
github.com/minio/sha256-simd v1.0.1/go.mod h1:Pz6AKMiUdngCLpeTL/RJY1M9rUuPMYujV5xJjtbRSN8=
github.com/mitchellh/mapstructure v0.0.0-20170523030023-d0303fe80992/go.mod h1:FVVH3fgwuzCH5S8UJGiWEs2h04kUh9fWfEaFds41c1Y=
github.com/moby/docker-image-spec v1.3.1 h1:jMKff3w6PgbfSa69GfNg+zN/XLhfXJGnEx3Nl2EsFP0=
github.com/moby/docker-image-spec v1.3.1/go.mod h1:eKmb5VW8vQEh/BAr2yvVNvuiJuY6UIocYsFu/DxxRpo=
github.com/moby/patternmatcher v0.6.0 h1:GmP9lR19aU5GqSSFko+5pRqHi+Ohk1O69aFiKkVGiPk=
github.com/moby/patternmatcher v0.6.0/go.mod h1:hDPoyOpDY7OrrMDLaYoY3hf52gNCR/YOUYxkhApJIxc=
github.com/moby/sys/sequential v0.6.0 h1:qrx7XFUd/5DxtqcoH1h438hF5TmOvzC/lspjy7zgvCU=
github.com/moby/sys/sequential v0.6.0/go.mod h1:uyv8EUTrca5PnDsdMGXhZe6CCe8U/UiTWd+lL+7b/Ko=
github.com/moby/sys/user v0.3.0 h1:9ni5DlcW5an3SvRSx4MouotOygvzaXbaSrc/wGDFWPo=
github.com/moby/sys/user v0.3.0/go.mod h1:bG+tYYYJgaMtRKgEmuueC0hJEAZWwtIbZTB+85uoHjs=
github.com/moby/sys/userns v0.1.0 h1:tVLXkFOxVu9A64/yh59slHVv9ahO9UIev4JZusOLG/g=
github.com/moby/sys/userns v0.1.0/go.mod h1:IHUYgu/kao6N8YZlp9Cf444ySSvCmDlmzUcYfDHOl28=
github.com/moby/term v0.5.0 h1:xt8Q1nalod/v7BqbG21f8mQPqH+xAaC9C3N3wfWbVP0=
github.com/moby/term v0.5.0/go.mod h1:8FzsFHVUBGZdbDsJw/ot+X+d5HLUbvklYLJ9uGfcI3Y=
github.com/modern-go/concurrent v0.0.0-20180306012644-bacd9c7ef1dd h1:TRLaZ9cD/w8PVh93nsPXa1VrQ6jlwL5oN8l14QlcNfg=
github.com/modern-go/concurrent v0.0.0-20180306012644-bacd9c7ef1dd/go.mod h1:6dJC0mAP4ikYIbvyc7fijjWJddQyLn8Ig3JB5CqoB9Q=
github.com/modern-go/reflect2 v1.0.2 h1:xBagoLtFs94CBntxluKeaWgTMpvLxC4ur3nMaC9Gz0M=
github.com/modern-go/reflect2 v1.0.2/go.mod h1:yWuevngMOJpCy52FWWMvUC8ws7m/LJsjYzDa0/r8luk=
github.com/morikuni/aec v1.0.0 h1:nP9CBfwrvYnBRgY6qfDQkygYDmYwOilePFkwzv4dU8A=
github.com/morikuni/aec v1.0.0/go.mod h1:BbKIizmSmc5MMPqRYbxO4ZU0S0+P200+tUnFx7PXmsc=
github.com/munnerz/goautoneg v0.0.0-20191010083416-a7dc8b61c822 h1:C3w9PqII01/Oq1c1nUAm88MOHcQC9l5mIlSMApZMrHA=
github.com/munnerz/goautoneg v0.0.0-20191010083416-a7dc8b61c822/go.mod h1:+n7T8mK8HuQTcFwEeznm/DIxMOiR9yIdICNftLE1DvQ=
github.com/opencontainers/go-digest v1.0.0 h1:apOUWs51W5PlhuyGyz9FCeeBIOUDA/6nW8Oi/yOhh5U=
github.com/opencontainers/go-digest v1.0.0/go.mod h1:0JzlMkj0TRzQZfJkVvzbP0HBR3IKzErnv2BNG4W4MAM=
github.com/opencontainers/image-spec v1.1.0 h1:8SG7/vwALn54lVB/0yZ/MMwhFrPYtpEHQb2IpWsCzug=
github.com/opencontainers/image-spec v1.1.0/go.mod h1:W4s4sFTMaBeK1BQLXbG4AdM2szdn85PY75RI83NrTrM=
github.com/pelletier/go-toml v1.0.1-0.20170904195809-1d6b12b7cb29/go.mod h1:5z9KED0ma1S8pY6P1sdut58dfprrGBbd/94hg7ilaic=
github.com/pkg/errors v0.9.1 h1:FEBLx1zS214owpjy7qsBeixbURkuhQAwrK5UwLGTwt4=
github.com/pkg/errors v0.9.1/go.mod h1:bwawxfHBFNV+L2hUp1rHADufV3IMtnDRdf1r5NINEl0=
github.com/pmezard/go-difflib v1.0.0 h1:4DBwDE0NGyQoBHbLQYPwSUPoCMWR5BEzIk/f1lZbAQM=
github.com/pmezard/go-difflib v1.0.0/go.mod h1:iKH77koFhYxTK1pcRnkKkqfTogsbg7gZNVY4sRDYZ/4=
github.com/power-devops/perfstat v0.0.0-20240221224432-82ca36839d55 h1:o4JXh1EVt9k/+g42oCprj/FisM4qX9L3sZB3upGN2ZU=
github.com/power-devops/perfstat v0.0.0-20240221224432-82ca36839d55/go.mod h1:OmDBASR4679mdNQnz2pUhc2G8CO2JrUAVFDRBDP/hJE=
github.com/prometheus/client_golang v1.20.4 h1:Tgh3Yr67PaOv/uTqloMsCEdeuFTatm5zIq5+qNN23vI=
github.com/prometheus/client_golang v1.20.4/go.mod h1:PIEt8X02hGcP8JWbeHyeZ53Y/jReSnHgO035n//V5WE=
github.com/prometheus/client_model v0.6.1 h1:ZKSh/rekM+n3CeS952MLRAdFwIKqeY8b62p8ais2e9E=
github.com/prometheus/client_model v0.6.1/go.mod h1:OrxVMOVHjw3lKMa8+x6HeMGkHMQyHDk9E3jmP2AmGiY=
github.com/prometheus/common v0.60.0 h1:+V9PAREWNvJMAuJ1x1BaWl9dewMW4YrHZQbx0sJNllA=
github.com/prometheus/common v0.60.0/go.mod h1:h0LYf1R1deLSKtD4Vdg8gy4RuOvENW2J/h19V5NADQw=
github.com/prometheus/procfs v0.15.1 h1:YagwOFzUgYfKKHX6Dr+sHT7km/hxC76UB0learggepc=
github.com/prometheus/procfs v0.15.1/go.mod h1:fB45yRUv8NstnjriLhBQLuOUt+WW4BsoGhij/e3PBqk=
github.com/rs/xid v1.5.0/go.mod h1:trrq9SKmegXys3aeAKXMUTdJsYXVwGY3RLcfgqegfbg=
github.com/rs/xid v1.6.0 h1:fV591PaemRlL6JfRxGDEPl69wICngIQ3shQtzfy2gxU=
github.com/rs/xid v1.6.0/go.mod h1:7XoLgs4eV+QndskICGsho+ADou8ySMSjJKDIan90Nz0=
github.com/rs/zerolog v1.33.0 h1:1cU2KZkvPxNyfgEmhHAz/1A9Bz+llsdYzklWFzgp0r8=
github.com/rs/zerolog v1.33.0/go.mod h1:/7mN4D5sKwJLZQ2b/znpjC3/GQWY/xaDXUM0kKWRHss=
github.com/shirou/gopsutil/v3 v3.24.5 h1:i0t8kL+kQTvpAYToeuiVk3TgDeKOFioZO3Ztz/iZ9pI=
github.com/shirou/gopsutil/v3 v3.24.5/go.mod h1:bsoOS1aStSs9ErQ1WWfxllSeS1K5D+U30r2NfcubMVk=
github.com/shoenig/go-m1cpu v0.1.6 h1:nxdKQNcEB6vzgA2E2bvzKIYRuNj7XNJ4S/aRSwKzFtM=
github.com/shoenig/go-m1cpu v0.1.6/go.mod h1:1JJMcUBvfNwpq05QDQVAnx3gUHr9IYF7GNg9SUEw2VQ=
github.com/shoenig/test v0.6.4 h1:kVTaSd7WLz5WZ2IaoM0RSzRsUD+m8wRR+5qvntpn4LU=
github.com/shoenig/test v0.6.4/go.mod h1:byHiCGXqrVaflBLAMq/srcZIHynQPQgeyvkvXnjqq0k=
github.com/sirupsen/logrus v1.9.3 h1:dueUQJ1C2q9oE3F7wvmSGAaVtTmUizReu6fjN8uqzbQ=
github.com/sirupsen/logrus v1.9.3/go.mod h1:naHLuLoDiP4jHNo9R0sCBMtWGeIprob74mVsIT4qYEQ=
github.com/spf13/afero v0.0.0-20170901052352-ee1bd8ee15a1/go.mod h1:j4pytiNVoe2o6bmDsKpLACNPDBIoEAkihy7loJ1B0CQ=
github.com/spf13/cast v1.1.0/go.mod h1:r2rcYCSwa1IExKTDiTfzaxqT2FNHs8hODu4LnUfgKEg=
github.com/spf13/jwalterweatherman v0.0.0-20170901151539-12bd96e66386/go.mod h1:cQK4TGJAtQXfYWX+Ddv3mKDzgVb68N+wFjFa4jdeBTo=
github.com/spf13/pflag v1.0.1-0.20170901120850-7aff26db30c1/go.mod h1:DYY7MBk1bdzusC3SYhjObp+wFpr4gzcvqqNjLnInEg4=
github.com/spf13/viper v1.0.0/go.mod h1:A8kyI5cUJhb8N+3pkfONlcEcZbueH6nhAm0Fq7SrnBM=
github.com/stretchr/objx v0.1.0/go.mod h1:HFkY916IF+rwdDfMAkV7OtwuqBVzrE8GR6GFx+wExME=
github.com/stretchr/testify v1.3.0/go.mod h1:M5WIy9Dh21IEIfnGCwXGc5bZfKNJtfHm1UVUgZn+9EI=
github.com/stretchr/testify v1.4.0/go.mod h1:j7eGeouHqKxXV5pUuKE4zz7dFj8WfuZ+81PSLYec5m4=
github.com/stretchr/testify v1.7.0/go.mod h1:6Fq8oRcR53rry900zMqJjRRixrwX3KX962/h/Wwjteg=
github.com/stretchr/testify v1.9.0 h1:HtqpIVDClZ4nwg75+f6Lvsy/wHu+3BoSGCbBAcpTsTg=
github.com/stretchr/testify v1.9.0/go.mod h1:r2ic/lqez/lEtzL7wO/rwa5dbSLXVDPFyf8C91i36aY=
github.com/testcontainers/testcontainers-go v0.33.0 h1:zJS9PfXYT5O0ZFXM2xxXfk4J5UMw/kRiISng037Gxdw=
github.com/testcontainers/testcontainers-go v0.33.0/go.mod h1:W80YpTa8D5C3Yy16icheD01UTDu+LmXIA2Keo+jWtT8=
github.com/testcontainers/testcontainers-go/modules/cockroachdb v0.33.0 h1:nAQ22mmwKtocCYJ1EEq4Bl4hoSJ+ZgZ32kQO4k8Lkw4=
github.com/testcontainers/testcontainers-go/modules/cockroachdb v0.33.0/go.mod h1:lJnPsJryJNiakNNGx6gxm2ue7YOM0HpFlfoG9zg5u/4=
github.com/testcontainers/testcontainers-go/modules/minio v0.33.0 h1:lHhjYlm0Oh+PfM03NIwCqNg2zSz9VuNTwUKi4MQfYAA=
github.com/testcontainers/testcontainers-go/modules/minio v0.33.0/go.mod h1:3WRFF6lLI3IqXb7lvOx6OpEcH1jgs59mbzZiPTJeEJg=
github.com/tklauser/go-sysconf v0.3.14 h1:g5vzr9iPFFz24v2KZXs/pvpvh8/V9Fw6vQK5ZZb78yU=
github.com/tklauser/go-sysconf v0.3.14/go.mod h1:1ym4lWMLUOhuBOPGtRcJm7tEGX4SCYNEEEtghGG/8uY=
github.com/tklauser/numcpus v0.9.0 h1:lmyCHtANi8aRUgkckBgoDk1nHCux3n2cgkJLXdQGPDo=
github.com/tklauser/numcpus v0.9.0/go.mod h1:SN6Nq1O3VychhC1npsWostA+oW+VOQTxZrS604NSRyI=
github.com/yuin/goldmark v1.1.27/go.mod h1:3hX8gzYuyVAZsxl0MRgGTJEmQBFcNTphYh9decYSb74=
github.com/yuin/goldmark v1.2.1/go.mod h1:3hX8gzYuyVAZsxl0MRgGTJEmQBFcNTphYh9decYSb74=
github.com/yusufpapurcu/wmi v1.2.4 h1:zFUKzehAFReQwLys1b/iSMl+JQGSCSjtVqQn9bBrPo0=
github.com/yusufpapurcu/wmi v1.2.4/go.mod h1:SBZ9tNy3G9/m5Oi98Zks0QjeHVDvuK0qfxQmPyzfmi0=
go.opentelemetry.io/contrib/bridges/otelslog v0.5.0 h1:lU3F57OSLK5mQ1PDBVAfDDaKCPv37MrEbCfTzsF4bz0=
go.opentelemetry.io/contrib/bridges/otelslog v0.5.0/go.mod h1:I84u06zJFr8T5D73fslEUbnRBimVVSBhuVw8L8I92AU=
go.opentelemetry.io/contrib/instrumentation/net/http/otelhttp v0.55.0 h1:ZIg3ZT/aQ7AfKqdwp7ECpOK6vHqquXXuyTjIO8ZdmPs=
go.opentelemetry.io/contrib/instrumentation/net/http/otelhttp v0.55.0/go.mod h1:DQAwmETtZV00skUwgD6+0U89g80NKsJE3DCKeLLPQMI=
go.opentelemetry.io/contrib/instrumentation/runtime v0.55.0 h1:GotCpbh7YkCHdFs+hYMdvAEyGsBZifFognqrOnBwyJM=
go.opentelemetry.io/contrib/instrumentation/runtime v0.55.0/go.mod h1:6b0AS55EEPj7qP44khqF5dqTUq+RkakDMShFaW1EcA4=
go.opentelemetry.io/otel v1.30.0 h1:F2t8sK4qf1fAmY9ua4ohFS/K+FUuOPemHUIXHtktrts=
go.opentelemetry.io/otel v1.30.0/go.mod h1:tFw4Br9b7fOS+uEao81PJjVMjW/5fvNCbpsDIXqP0pc=
go.opentelemetry.io/otel/exporters/otlp/otlplog/otlploghttp v0.6.0 h1:QSKmLBzbFULSyHzOdO9JsN9lpE4zkrz1byYGmJecdVE=
go.opentelemetry.io/otel/exporters/otlp/otlplog/otlploghttp v0.6.0/go.mod h1:sTQ/NH8Yrirf0sJ5rWqVu+oT82i4zL9FaF6rWcqnptM=
go.opentelemetry.io/otel/exporters/otlp/otlpmetric/otlpmetrichttp v1.30.0 h1:VrMAbeJz4gnVDg2zEzjHG4dEH86j4jO6VYB+NgtGD8s=
go.opentelemetry.io/otel/exporters/otlp/otlpmetric/otlpmetrichttp v1.30.0/go.mod h1:qqN/uFdpeitTvm+JDqqnjm517pmQRYxTORbETHq5tOc=
go.opentelemetry.io/otel/exporters/otlp/otlptrace v1.30.0 h1:lsInsfvhVIfOI6qHVyysXMNDnjO9Npvl7tlDPJFBVd4=
go.opentelemetry.io/otel/exporters/otlp/otlptrace v1.30.0/go.mod h1:KQsVNh4OjgjTG0G6EiNi1jVpnaeeKsKMRwbLN+f1+8M=
go.opentelemetry.io/otel/exporters/otlp/otlptrace/otlptracehttp v1.30.0 h1:umZgi92IyxfXd/l4kaDhnKgY8rnN/cZcF1LKc6I8OQ8=
go.opentelemetry.io/otel/exporters/otlp/otlptrace/otlptracehttp v1.30.0/go.mod h1:4lVs6obhSVRb1EW5FhOuBTyiQhtRtAnnva9vD3yRfq8=
go.opentelemetry.io/otel/log v0.6.0 h1:nH66tr+dmEgW5y+F9LanGJUBYPrRgP4g2EkmPE3LeK8=
go.opentelemetry.io/otel/log v0.6.0/go.mod h1:KdySypjQHhP069JX0z/t26VHwa8vSwzgaKmXtIB3fJM=
go.opentelemetry.io/otel/metric v1.30.0 h1:4xNulvn9gjzo4hjg+wzIKG7iNFEaBMX00Qd4QIZs7+w=
go.opentelemetry.io/otel/metric v1.30.0/go.mod h1:aXTfST94tswhWEb+5QjlSqG+cZlmyXy/u8jFpor3WqQ=
go.opentelemetry.io/otel/sdk v1.30.0 h1:cHdik6irO49R5IysVhdn8oaiR9m8XluDaJAs4DfOrYE=
go.opentelemetry.io/otel/sdk v1.30.0/go.mod h1:p14X4Ok8S+sygzblytT1nqG98QG2KYKv++HE0LY/mhg=
go.opentelemetry.io/otel/sdk/log v0.6.0 h1:4J8BwXY4EeDE9Mowg+CyhWVBhTSLXVXodiXxS/+PGqI=
go.opentelemetry.io/otel/sdk/log v0.6.0/go.mod h1:L1DN8RMAduKkrwRAFDEX3E3TLOq46+XMGSbUfHU/+vE=
go.opentelemetry.io/otel/sdk/metric v1.30.0 h1:QJLT8Pe11jyHBHfSAgYH7kEmT24eX792jZO1bo4BXkM=
go.opentelemetry.io/otel/sdk/metric v1.30.0/go.mod h1:waS6P3YqFNzeP01kuo/MBBYqaoBJl7efRQHOaydhy1Y=
go.opentelemetry.io/otel/trace v1.30.0 h1:7UBkkYzeg3C7kQX8VAidWh2biiQbtAKjyIML8dQ9wmc=
go.opentelemetry.io/otel/trace v1.30.0/go.mod h1:5EyKqTzzmyqB9bwtCCq6pDLktPK6fmGf/Dph+8VI02o=
go.opentelemetry.io/proto/otlp v1.3.1 h1:TrMUixzpM0yuc/znrFTP9MMRh8trP93mkCiDVeXrui0=
go.opentelemetry.io/proto/otlp v1.3.1/go.mod h1:0X1WI4de4ZsLrrJNLAQbFeLCm3T7yBkR0XqQ7niQU+8=
golang.org/x/crypto v0.0.0-20190308221718-c2843e01d9a2/go.mod h1:djNgcEr1/C05ACkg1iLfiJU5Ep61QUkGW8qpdssI0+w=
golang.org/x/crypto v0.0.0-20191011191535-87dc89f01550/go.mod h1:yigFU9vqHzYiE8UmvKecakEJjdnWj3jj499lnFckfCI=
golang.org/x/crypto v0.0.0-20200622213623-75b288015ac9/go.mod h1:LzIPMQfyMNhhGPhUkYOs5KpL4U8rLKemX1yGLhDgUto=
golang.org/x/crypto v0.28.0 h1:GBDwsMXVQi34v5CCYUm2jkJvu4cbtru2U4TN2PSyQnw=
golang.org/x/crypto v0.28.0/go.mod h1:rmgy+3RHxRZMyY0jjAJShp2zgEdOqj2AO7U0pYmeQ7U=
golang.org/x/mod v0.2.0/go.mod h1:s0Qsj1ACt9ePp/hMypM3fl4fZqREWJwdYDEqhRiZZUA=
golang.org/x/mod v0.3.0/go.mod h1:s0Qsj1ACt9ePp/hMypM3fl4fZqREWJwdYDEqhRiZZUA=
golang.org/x/net v0.0.0-20190404232315-eb5bcb51f2a3/go.mod h1:t9HGtf8HONx5eT2rtn7q6eTqICYqUVnKs3thJo3Qplg=
golang.org/x/net v0.0.0-20190603091049-60506f45cf65/go.mod h1:HSz+uSET+XFnRR8LxR5pz3Of3rY3CfYBVs4xY44aLks=
golang.org/x/net v0.0.0-20190620200207-3b0461eec859/go.mod h1:z5CRVTTTmAJ677TzLLGU+0bjPO0LkuOLi4/5GtJWs/s=
golang.org/x/net v0.0.0-20200226121028-0de0cce0169b/go.mod h1:z5CRVTTTmAJ677TzLLGU+0bjPO0LkuOLi4/5GtJWs/s=
golang.org/x/net v0.0.0-20201021035429-f5854403a974/go.mod h1:sp8m0HH+o8qH0wwXwYZr8TS3Oi6o0r6Gce1SSxlDquU=
golang.org/x/net v0.30.0 h1:AcW1SDZMkb8IpzCdQUaIq2sP4sZ4zw+55h6ynffypl4=
golang.org/x/net v0.30.0/go.mod h1:2wGyMJ5iFasEhkwi13ChkO/t1ECNC4X4eBKkVFyYFlU=
golang.org/x/oauth2 v0.0.0-20170912212905-13449ad91cb2/go.mod h1:N/0e6XlmueqKjAGxoOufVs8QHGRruUQn6yWY3a++T0U=
golang.org/x/sync v0.0.0-20170517211232-f52d1811a629/go.mod h1:RxMgew5VJxzue5/jJTE5uejpjVlOe/izrB70Jof72aM=
golang.org/x/sync v0.0.0-20190423024810-112230192c58/go.mod h1:RxMgew5VJxzue5/jJTE5uejpjVlOe/izrB70Jof72aM=
golang.org/x/sync v0.0.0-20190911185100-cd5d95a43a6e/go.mod h1:RxMgew5VJxzue5/jJTE5uejpjVlOe/izrB70Jof72aM=
golang.org/x/sync v0.0.0-20201020160332-67f06af15bc9/go.mod h1:RxMgew5VJxzue5/jJTE5uejpjVlOe/izrB70Jof72aM=
golang.org/x/sync v0.8.0 h1:3NFvSEYkUoMifnESzZl15y791HH1qU2xm6eCJU5ZPXQ=
golang.org/x/sync v0.8.0/go.mod h1:Czt+wKu1gCyEFDUtn0jG5QVvpJ6rzVqr5aXyt9drQfk=
golang.org/x/sys v0.0.0-20190215142949-d0b11bdaac8a/go.mod h1:STP8DvDyc/dI5b8T5hshtkjS+E42TnysNCUPdjciGhY=
golang.org/x/sys v0.0.0-20190412213103-97732733099d/go.mod h1:h1NjWce9XRLGQEsW7wpKNCjG9DtNlClVuFLEZdDNbEs=
golang.org/x/sys v0.0.0-20190916202348-b4ddaad3f8a3/go.mod h1:h1NjWce9XRLGQEsW7wpKNCjG9DtNlClVuFLEZdDNbEs=
golang.org/x/sys v0.0.0-20200930185726-fdedc70b468f/go.mod h1:h1NjWce9XRLGQEsW7wpKNCjG9DtNlClVuFLEZdDNbEs=
golang.org/x/sys v0.0.0-20201204225414-ed752295db88/go.mod h1:h1NjWce9XRLGQEsW7wpKNCjG9DtNlClVuFLEZdDNbEs=
golang.org/x/sys v0.0.0-20210616094352-59db8d763f22/go.mod h1:oPkhp1MJrh7nUepCBck5+mAzfO9JrbApNNgaTdGDITg=
golang.org/x/sys v0.0.0-20220715151400-c0bba94af5f8/go.mod h1:oPkhp1MJrh7nUepCBck5+mAzfO9JrbApNNgaTdGDITg=
golang.org/x/sys v0.0.0-20220811171246-fbc7d0a398ab/go.mod h1:oPkhp1MJrh7nUepCBck5+mAzfO9JrbApNNgaTdGDITg=
golang.org/x/sys v0.1.0/go.mod h1:oPkhp1MJrh7nUepCBck5+mAzfO9JrbApNNgaTdGDITg=
golang.org/x/sys v0.6.0/go.mod h1:oPkhp1MJrh7nUepCBck5+mAzfO9JrbApNNgaTdGDITg=
golang.org/x/sys v0.12.0/go.mod h1:oPkhp1MJrh7nUepCBck5+mAzfO9JrbApNNgaTdGDITg=
golang.org/x/sys v0.26.0 h1:KHjCJyddX0LoSTb3J+vWpupP9p0oznkqVk/IfjymZbo=
golang.org/x/sys v0.26.0/go.mod h1:/VUhepiaJMQUp4+oa/7Zr1D23ma6VTLIYjOOTFZPUcA=
golang.org/x/term v0.25.0 h1:WtHI/ltw4NvSUig5KARz9h521QvRC8RmF/cuYqifU24=
golang.org/x/term v0.25.0/go.mod h1:RPyXicDX+6vLxogjjRxjgD2TKtmAO6NZBsBRfrOLu7M=
golang.org/x/text v0.3.0/go.mod h1:NqM8EUOU14njkJ3fqMW+pc6Ldnwhi/IjpwHt7yyuwOQ=
golang.org/x/text v0.3.2/go.mod h1:bEr9sfX3Q8Zfm5fL9x+3itogRgK3+ptLWKqgva+5dAk=
golang.org/x/text v0.3.3/go.mod h1:5Zoc/QRtKVWzQhOtBMvqHzDpF6irO9z98xDceosuGiQ=
golang.org/x/text v0.19.0 h1:kTxAhCbGbxhK0IwgSKiMO5awPoDQ0RpfiVYBfK860YM=
golang.org/x/text v0.19.0/go.mod h1:BuEKDfySbSR4drPmRPG/7iBdf8hvFMuRexcpahXilzY=
golang.org/x/time v0.0.0-20170424234030-8be79e1e0910/go.mod h1:tRJNPiyCQ0inRvYxbN9jk5I+vvW/OXSQhTDSoE431IQ=
golang.org/x/time v0.7.0 h1:ntUhktv3OPE6TgYxXWv9vKvUSJyIFJlyohwbkEwPrKQ=
golang.org/x/time v0.7.0/go.mod h1:3BpzKBy/shNhVucY/MWOyx10tF3SFh9QdLuxbVysPQM=
golang.org/x/tools v0.0.0-20180917221912-90fa682c2a6e/go.mod h1:n7NCudcB/nEzxVGmLbDWY5pfWTLqBcC2KZ6jyYvM4mQ=
golang.org/x/tools v0.0.0-20191119224855-298f0cb1881e/go.mod h1:b+2E5dAYhXwXZwtnZ6UAqBI28+e2cm9otk0dWdXHAEo=
golang.org/x/tools v0.0.0-20200619180055-7c47624df98f/go.mod h1:EkVYQZoAsY45+roYkvgYkIh4xh/qjgUK9TdY2XT94GE=
golang.org/x/tools v0.0.0-20210106214847-113979e3529a/go.mod h1:emZCQorbCU4vsT4fOWvOPXz4eW1wZW4PmDk9uLelYpA=
golang.org/x/xerrors v0.0.0-20190717185122-a985d3407aa7/go.mod h1:I/5z698sn9Ka8TeJc9MKroUUfqBBauWjQqLJ2OPfmY0=
golang.org/x/xerrors v0.0.0-20191011141410-1b5146add898/go.mod h1:I/5z698sn9Ka8TeJc9MKroUUfqBBauWjQqLJ2OPfmY0=
golang.org/x/xerrors v0.0.0-20191204190536-9bdfabe68543/go.mod h1:I/5z698sn9Ka8TeJc9MKroUUfqBBauWjQqLJ2OPfmY0=
golang.org/x/xerrors v0.0.0-20200804184101-5ec99f83aff1/go.mod h1:I/5z698sn9Ka8TeJc9MKroUUfqBBauWjQqLJ2OPfmY0=
google.golang.org/api v0.0.0-20170921000349-586095a6e407/go.mod h1:4mhQ8q/RsB7i+udVvVy5NUi08OU8ZlA0gRVgrF7VFY0=
google.golang.org/appengine v1.6.5/go.mod h1:8WjMMxjGQR8xUklV/ARdw2HLXBOI7O7uCIDZVag1xfc=
google.golang.org/genproto v0.0.0-20170918111702-1e559d0a00ee/go.mod h1:JiN7NxoALGmiZfu7CAH4rXhgtRTLTxftemlI0sWmxmc=
google.golang.org/genproto/googleapis/api v0.0.0-20240930140551-af27646dc61f h1:jTm13A2itBi3La6yTGqn8bVSrc3ZZ1r8ENHlIXBfnRA=
google.golang.org/genproto/googleapis/api v0.0.0-20240930140551-af27646dc61f/go.mod h1:CLGoBuH1VHxAUXVPP8FfPwPEVJB6lz3URE5mY2SuayE=
google.golang.org/genproto/googleapis/rpc v0.0.0-20240930140551-af27646dc61f h1:cUMEy+8oS78BWIH9OWazBkzbr090Od9tWBNtZHkOhf0=
google.golang.org/genproto/googleapis/rpc v0.0.0-20240930140551-af27646dc61f/go.mod h1:UqMtugtsSgubUsoxbuAoiCXvqvErP7Gf0so0mK9tHxU=
google.golang.org/grpc v1.2.1-0.20170921194603-d4b75ebd4f9f/go.mod h1:yo6s7OP7yaDglbqo1J04qKzAhqBH6lvTonzMVmEdcZw=
google.golang.org/grpc v1.67.1 h1:zWnc1Vrcno+lHZCOofnIMvycFcc0QRGIzm9dhnDX68E=
google.golang.org/grpc v1.67.1/go.mod h1:1gLDyUQU7CTLJI90u3nXZ9ekeghjeM7pTDZlqFNg2AA=
google.golang.org/protobuf v1.34.2 h1:6xV6lTsCfpGD21XK49h7MhtcApnLqkfYgPcdHftf6hg=
google.golang.org/protobuf v1.34.2/go.mod h1:qYOHts0dSfpeUzUFpOMr/WGzszTmLH+DiWniOlNbLDw=
gopkg.in/check.v1 v0.0.0-20161208181325-20d25e280405/go.mod h1:Co6ibVJAznAaIkqp8huTwlJQCZ016jof/cbN4VW5Yz0=
gopkg.in/check.v1 v1.0.0-20190902080502-41f04d3bba15/go.mod h1:Co6ibVJAznAaIkqp8huTwlJQCZ016jof/cbN4VW5Yz0=
gopkg.in/ini.v1 v1.67.0 h1:Dgnx+6+nfE+IfzjUEISNeydPJh9AXNNsWbGP9KzCsOA=
gopkg.in/ini.v1 v1.67.0/go.mod h1:pNLf8WUiyNEtQjuu5G5vTm06TEv9tsIgeAvK8hOrP4k=
gopkg.in/tomb.v1 v1.0.0-20141024135613-dd632973f1e7 h1:uRGJdciOHaEIrze2W8Q3AKkepLTh2hOroT7a+7czfdQ=
gopkg.in/tomb.v1 v1.0.0-20141024135613-dd632973f1e7/go.mod h1:dt/ZhP58zS4L8KSrWDmTeBkI65Dw0HsyUHuEVlX15mw=
gopkg.in/yaml.v2 v2.2.2/go.mod h1:hI93XBmqTisBFMUTm0b8Fm+jr3Dg1NNxqwp+5A1VGuI=
gopkg.in/yaml.v3 v3.0.0-20200313102051-9f266ea9e77c/go.mod h1:K4uyk7z7BCEPqu6E+C64Yfv1cQ7kz7rIZviUmN+EgEM=
gopkg.in/yaml.v3 v3.0.1 h1:fxVm/GzAzEWqLHuvctI91KS9hhNmmWOoWu0XTYJS7CA=
gopkg.in/yaml.v3 v3.0.1/go.mod h1:K4uyk7z7BCEPqu6E+C64Yfv1cQ7kz7rIZviUmN+EgEM=
gotest.tools/v3 v3.5.1 h1:EENdUnS3pdur5nybKYIh2Vfgc8IUNBjxDPSjtiJcOzU=
gotest.tools/v3 v3.5.1/go.mod h1:isy3WKz7GK6uNw/sbHzfKBLvlvXwUyV06n6brMxxopU=
maragu.dev/is v0.2.0 h1:poeuVEA5GG3vrDpGmzo2KjWtIMZmqUyvGnOB0/pemig=
maragu.dev/is v0.2.0/go.mod h1:bviaM5S0fBshCw7wuumFGTju/izopZ/Yvq4g7Klc7y8=
maragu.dev/migrate v0.6.0 h1:gJLAIVaRh9z9sN55Q2sWwScpEH+JsT6N0L1DnzedXFE=
maragu.dev/migrate v0.6.0/go.mod h1:TdZBD5wRvBbzLocsSV08kyvLiLCn0Q6DvgYHmyygWVQ=
